
Microsoft Visual Studio Solution File, Format Version 12.00
# Visual Studio 14
VisualStudioVersion = 14.0.25420.1
MinimumVisualStudioVersion = 10.0.40219.1
Project("{FAE04EC0-301F-11D3-BF4B-00C04F79EFBC}") = "WikiDiffSummary", "WikiDiffSummary\WikiDiffSummary.csproj", "{1959D562-5152-4AD3-8824-A93BCC589627}"
EndProject
Project("{FAE04EC0-301F-11D3-BF4B-00C04F79EFBC}") = "MwParserFromScratch", "modules\MwParserFromScratch\MwParserFromScratch\MwParserFromScratch.csproj", "{DAEDA93E-E048-4C63-9D9D-7222DC6F8F5A}"
EndProject
Project("{FAE04EC0-301F-11D3-BF4B-00C04F79EFBC}") = "UnitTestProject1", "UnitTestProject1\UnitTestProject1.csproj", "{F94627E6-0CF1-430B-AA23-618B8701647C}"
EndProject
Project("{FAE04EC0-301F-11D3-BF4B-00C04F79EFBC}") = "DiffMatchPatch", "modules\DiffMatchPatch\DiffMatchPatch\DiffMatchPatch.csproj", "{5DFA1438-CBB4-4A13-9919-C09B9A18B24B}"
EndProject
Project("{FAE04EC0-301F-11D3-BF4B-00C04F79EFBC}") = "WpfTestApplication1", "WpfTestApplication1\WpfTestApplication1.csproj", "{12E9CF60-2289-4817-9D7A-A81FB8B73515}"
EndProject
Global
	GlobalSection(SolutionConfigurationPlatforms) = preSolution
		Debug|Any CPU = Debug|Any CPU
		Release|Any CPU = Release|Any CPU
	EndGlobalSection
	GlobalSection(ProjectConfigurationPlatforms) = postSolution
		{1959D562-5152-4AD3-8824-A93BCC589627}.Debug|Any CPU.ActiveCfg = Debug|Any CPU
		{1959D562-5152-4AD3-8824-A93BCC589627}.Debug|Any CPU.Build.0 = Debug|Any CPU
		{1959D562-5152-4AD3-8824-A93BCC589627}.Release|Any CPU.ActiveCfg = Release|Any CPU
		{1959D562-5152-4AD3-8824-A93BCC589627}.Release|Any CPU.Build.0 = Release|Any CPU
		{DAEDA93E-E048-4C63-9D9D-7222DC6F8F5A}.Debug|Any CPU.ActiveCfg = Debug|Any CPU
		{DAEDA93E-E048-4C63-9D9D-7222DC6F8F5A}.Debug|Any CPU.Build.0 = Debug|Any CPU
		{DAEDA93E-E048-4C63-9D9D-7222DC6F8F5A}.Release|Any CPU.ActiveCfg = Release|Any CPU
		{DAEDA93E-E048-4C63-9D9D-7222DC6F8F5A}.Release|Any CPU.Build.0 = Release|Any CPU
		{F94627E6-0CF1-430B-AA23-618B8701647C}.Debug|Any CPU.ActiveCfg = Debug|Any CPU
		{F94627E6-0CF1-430B-AA23-618B8701647C}.Debug|Any CPU.Build.0 = Debug|Any CPU
		{F94627E6-0CF1-430B-AA23-618B8701647C}.Release|Any CPU.ActiveCfg = Release|Any CPU
		{F94627E6-0CF1-430B-AA23-618B8701647C}.Release|Any CPU.Build.0 = Release|Any CPU
		{5DFA1438-CBB4-4A13-9919-C09B9A18B24B}.Debug|Any CPU.ActiveCfg = Debug|Any CPU
		{5DFA1438-CBB4-4A13-9919-C09B9A18B24B}.Debug|Any CPU.Build.0 = Debug|Any CPU
		{5DFA1438-CBB4-4A13-9919-C09B9A18B24B}.Release|Any CPU.ActiveCfg = Release|Any CPU
		{5DFA1438-CBB4-4A13-9919-C09B9A18B24B}.Release|Any CPU.Build.0 = Release|Any CPU
		{12E9CF60-2289-4817-9D7A-A81FB8B73515}.Debug|Any CPU.ActiveCfg = Debug|Any CPU
		{12E9CF60-2289-4817-9D7A-A81FB8B73515}.Debug|Any CPU.Build.0 = Debug|Any CPU
		{12E9CF60-2289-4817-9D7A-A81FB8B73515}.Release|Any CPU.ActiveCfg = Release|Any CPU
		{12E9CF60-2289-4817-9D7A-A81FB8B73515}.Release|Any CPU.Build.0 = Release|Any CPU
	EndGlobalSection
	GlobalSection(SolutionProperties) = preSolution
		HideSolutionNode = FALSE
	EndGlobalSection
EndGlobal
